// !$*UTF8*$!
{
	archiveVersion = 1;
	classes = {
	};
	objectVersion = 50;
	objects = {

/* Begin PBXBuildFile section */
		7BC353922729B28300025934 /* AppDelegate.swift in Sources */ = {isa = PBXBuildFile; fileRef = 7BC353912729B28300025934 /* AppDelegate.swift */; };
		7BC353942729B28300025934 /* SceneDelegate.swift in Sources */ = {isa = PBXBuildFile; fileRef = 7BC353932729B28300025934 /* SceneDelegate.swift */; };
		7BC353962729B28300025934 /* ViewController.swift in Sources */ = {isa = PBXBuildFile; fileRef = 7BC353952729B28300025934 /* ViewController.swift */; };
		7BC353992729B28300025934 /* Main.storyboard in Resources */ = {isa = PBXBuildFile; fileRef = 7BC353972729B28300025934 /* Main.storyboard */; };
		7BC3539C2729B28300025934 /* ToDoCoreData.xcdatamodeld in Sources */ = {isa = PBXBuildFile; fileRef = 7BC3539A2729B28300025934 /* ToDoCoreData.xcdatamodeld */; };
		7BC3539E2729B28500025934 /* Assets.xcassets in Resources */ = {isa = PBXBuildFile; fileRef = 7BC3539D2729B28500025934 /* Assets.xcassets */; };
		7BC353A12729B28500025934 /* LaunchScreen.storyboard in Resources */ = {isa = PBXBuildFile; fileRef = 7BC3539F2729B28500025934 /* LaunchScreen.storyboard */; };
		7BC353AA2729B38A00025934 /* ToDoList+CoreDataClass.swift in Sources */ = {isa = PBXBuildFile; fileRef = 7BC353A82729B38A00025934 /* ToDoList+CoreDataClass.swift */; };
		7BC353AB2729B38A00025934 /* ToDoList+CoreDataProperties.swift in Sources */ = {isa = PBXBuildFile; fileRef = 7BC353A92729B38A00025934 /* ToDoList+CoreDataProperties.swift */; };
		7BC353AE2729B52200025934 /* CustomTableViewCell.swift in Sources */ = {isa = PBXBuildFile; fileRef = 7BC353AD2729B52200025934 /* CustomTableViewCell.swift */; };
		7BC353B02729CF0000025934 /* AddTaskViewController.swift in Sources */ = {isa = PBXBuildFile; fileRef = 7BC353AF2729CF0000025934 /* AddTaskViewController.swift */; };
		7BC353B42729E46C00025934 /* PressReadyTaskButtonProtocols.swift in Sources */ = {isa = PBXBuildFile; fileRef = 7BC353B32729E46C00025934 /* PressReadyTaskButtonProtocols.swift */; };
/* End PBXBuildFile section */

/* Begin PBXFileReference section */
		7BC3538E2729B28300025934 /* ToDoCoreData.app */ = {isa = PBXFileReference; explicitFileType = wrapper.application; includeInIndex = 0; path = ToDoCoreData.app; sourceTree = BUILT_PRODUCTS_DIR; };
		7BC353912729B28300025934 /* AppDelegate.swift */ = {isa = PBXFileReference; lastKnownFileType = sourcecode.swift; path = AppDelegate.swift; sourceTree = "<group>"; };
		7BC353932729B28300025934 /* SceneDelegate.swift */ = {isa = PBXFileReference; lastKnownFileType = sourcecode.swift; path = SceneDelegate.swift; sourceTree = "<group>"; };
		7BC353952729B28300025934 /* ViewController.swift */ = {isa = PBXFileReference; lastKnownFileType = sourcecode.swift; path = ViewController.swift; sourceTree = "<group>"; };
		7BC353982729B28300025934 /* Base */ = {isa = PBXFileReference; lastKnownFileType = file.storyboard; name = Base; path = Base.lproj/Main.storyboard; sourceTree = "<group>"; };
		7BC3539B2729B28300025934 /* ToDoCoreData.xcdatamodel */ = {isa = PBXFileReference; lastKnownFileType = wrapper.xcdatamodel; path = ToDoCoreData.xcdatamodel; sourceTree = "<group>"; };
		7BC3539D2729B28500025934 /* Assets.xcassets */ = {isa = PBXFileReference; lastKnownFileType = folder.assetcatalog; path = Assets.xcassets; sourceTree = "<group>"; };
		7BC353A02729B28500025934 /* Base */ = {isa = PBXFileReference; lastKnownFileType = file.storyboard; name = Base; path = Base.lproj/LaunchScreen.storyboard; sourceTree = "<group>"; };
		7BC353A22729B28500025934 /* Info.plist */ = {isa = PBXFileReference; lastKnownFileType = text.plist.xml; path = Info.plist; sourceTree = "<group>"; };
		7BC353A82729B38A00025934 /* ToDoList+CoreDataClass.swift */ = {isa = PBXFileReference; lastKnownFileType = sourcecode.swift; path = "ToDoList+CoreDataClass.swift"; sourceTree = "<group>"; };
		7BC353A92729B38A00025934 /* ToDoList+CoreDataProperties.swift */ = {isa = PBXFileReference; lastKnownFileType = sourcecode.swift; path = "ToDoList+CoreDataProperties.swift"; sourceTree = "<group>"; };
		7BC353AD2729B52200025934 /* CustomTableViewCell.swift */ = {isa = PBXFileReference; lastKnownFileType = sourcecode.swift; path = CustomTableViewCell.swift; sourceTree = "<group>"; };
		7BC353AF2729CF0000025934 /* AddTaskViewController.swift */ = {isa = PBXFileReference; lastKnownFileType = sourcecode.swift; path = AddTaskViewController.swift; sourceTree = "<group>"; };
		7BC353B32729E46C00025934 /* PressReadyTaskButtonProtocols.swift */ = {isa = PBXFileReference; lastKnownFileType = sourcecode.swift; path = PressReadyTaskButtonProtocols.swift; sourceTree = "<group>"; };
/* End PBXFileReference section */

/* Begin PBXFrameworksBuildPhase section */
		7BC3538B2729B28300025934 /* Frameworks */ = {
			isa = PBXFrameworksBuildPhase;
			buildActionMask = 2147483647;
			files = (
			);
			runOnlyForDeploymentPostprocessing = 0;
		};
/* End PBXFrameworksBuildPhase section */

/* Begin PBXGroup section */
		7BC353852729B28300025934 = {
			isa = PBXGroup;
			children = (
				7BC353902729B28300025934 /* ToDoCoreData */,
				7BC3538F2729B28300025934 /* Products */,
			);
			sourceTree = "<group>";
		};
		7BC3538F2729B28300025934 /* Products */ = {
			isa = PBXGroup;
			children = (
				7BC3538E2729B28300025934 /* ToDoCoreData.app */,
			);
			name = Products;
			sourceTree = "<group>";
		};
		7BC353902729B28300025934 /* ToDoCoreData */ = {
			isa = PBXGroup;
			children = (
				7BC353912729B28300025934 /* AppDelegate.swift */,
				7BC353972729B28300025934 /* Main.storyboard */,
				7BC353932729B28300025934 /* SceneDelegate.swift */,
				7BC353B12729CF0E00025934 /* Controllers */,
				7BC353B52729E49100025934 /* Cell */,
				7BC353AC2729B39400025934 /* ManagedObjectToDoList */,
				7BC353B22729E44F00025934 /* Protocol */,
				7BC3539D2729B28500025934 /* Assets.xcassets */,
				7BC3539F2729B28500025934 /* LaunchScreen.storyboard */,
				7BC353A22729B28500025934 /* Info.plist */,
				7BC3539A2729B28300025934 /* ToDoCoreData.xcdatamodeld */,
			);
			path = ToDoCoreData;
			sourceTree = "<group>";
		};
		7BC353AC2729B39400025934 /* ManagedObjectToDoList */ = {
			isa = PBXGroup;
			children = (
				7BC353A82729B38A00025934 /* ToDoList+CoreDataClass.swift */,
				7BC353A92729B38A00025934 /* ToDoList+CoreDataProperties.swift */,
			);
			path = ManagedObjectToDoList;
			sourceTree = "<group>";
		};
		7BC353B12729CF0E00025934 /* Controllers */ = {
			isa = PBXGroup;
			children = (
				7BC353AF2729CF0000025934 /* AddTaskViewController.swift */,
				7BC353952729B28300025934 /* ViewController.swift */,
			);
			path = Controllers;
			sourceTree = "<group>";
		};
		7BC353B22729E44F00025934 /* Protocol */ = {
			isa = PBXGroup;
			children = (
				7BC353B32729E46C00025934 /* PressReadyTaskButtonProtocols.swift */,
			);
			path = Protocol;
			sourceTree = "<group>";
		};
		7BC353B52729E49100025934 /* Cell */ = {
			isa = PBXGroup;
			children = (
				7BC353AD2729B52200025934 /* CustomTableViewCell.swift */,
			);
			path = Cell;
			sourceTree = "<group>";
		};
/* End PBXGroup section */

/* Begin PBXNativeTarget section */
		7BC3538D2729B28300025934 /* ToDoCoreData */ = {
			isa = PBXNativeTarget;
			buildConfigurationList = 7BC353A52729B28500025934 /* Build configuration list for PBXNativeTarget "ToDoCoreData" */;
			buildPhases = (
				7BC3538A2729B28300025934 /* Sources */,
				7BC3538B2729B28300025934 /* Frameworks */,
				7BC3538C2729B28300025934 /* Resources */,
			);
			buildRules = (
			);
			dependencies = (
			);
			name = ToDoCoreData;
			productName = ToDoCoreData;
			productReference = 7BC3538E2729B28300025934 /* ToDoCoreData.app */;
			productType = "com.apple.product-type.application";
		};
/* End PBXNativeTarget section */

/* Begin PBXProject section */
		7BC353862729B28300025934 /* Project object */ = {
			isa = PBXProject;
			attributes = {
				LastSwiftUpdateCheck = 1250;
				LastUpgradeCheck = 1250;
				TargetAttributes = {
					7BC3538D2729B28300025934 = {
						CreatedOnToolsVersion = 12.5.1;
					};
				};
			};
			buildConfigurationList = 7BC353892729B28300025934 /* Build configuration list for PBXProject "ToDoCoreData" */;
			compatibilityVersion = "Xcode 9.3";
			developmentRegion = en;
			hasScannedForEncodings = 0;
			knownRegions = (
				en,
				Base,
			);
			mainGroup = 7BC353852729B28300025934;
			productRefGroup = 7BC3538F2729B28300025934 /* Products */;
			projectDirPath = "";
			projectRoot = "";
			targets = (
				7BC3538D2729B28300025934 /* ToDoCoreData */,
			);
		};
/* End PBXProject section */

/* Begin PBXResourcesBuildPhase section */
		7BC3538C2729B28300025934 /* Resources */ = {
			isa = PBXResourcesBuildPhase;
			buildActionMask = 2147483647;
			files = (
				7BC353A12729B28500025934 /* LaunchScreen.storyboard in Resources */,
				7BC3539E2729B28500025934 /* Assets.xcassets in Resources */,
				7BC353992729B28300025934 /* Main.storyboard in Resources */,
			);
			runOnlyForDeploymentPostprocessing = 0;
		};
/* End PBXResourcesBuildPhase section */

/* Begin PBXSourcesBuildPhase section */
		7BC3538A2729B28300025934 /* Sources */ = {
			isa = PBXSourcesBuildPhase;
			buildActionMask = 2147483647;
			files = (
				7BC353962729B28300025934 /* ViewController.swift in Sources */,
				7BC353B02729CF0000025934 /* AddTaskViewController.swift in Sources */,
				7BC353B42729E46C00025934 /* PressReadyTaskButtonProtocols.swift in Sources */,
				7BC353AA2729B38A00025934 /* ToDoList+CoreDataClass.swift in Sources */,
				7BC353922729B28300025934 /* AppDelegate.swift in Sources */,
				7BC353AE2729B52200025934 /* CustomTableViewCell.swift in Sources */,
				7BC3539C2729B28300025934 /* ToDoCoreData.xcdatamodeld in Sources */,
				7BC353942729B28300025934 /* SceneDelegate.swift in Sources */,
				7BC353AB2729B38A00025934 /* ToDoList+CoreDataProperties.swift in Sources */,
			);
			runOnlyForDeploymentPostprocessing = 0;
		};
/* End PBXSourcesBuildPhase section */

/* Begin PBXVariantGroup section */
		7BC353972729B28300025934 /* Main.storyboard */ = {
			isa = PBXVariantGroup;
			children = (
				7BC353982729B28300025934 /* Base */,
			);
			name = Main.storyboard;
			sourceTree = "<group>";
		};
		7BC3539F2729B28500025934 /* LaunchScreen.storyboard */ = {
			isa = PBXVariantGroup;
			children = (
				7BC353A02729B28500025934 /* Base */,
			);
			name = LaunchScreen.storyboard;
			sourceTree = "<group>";
		};
/* End PBXVariantGroup section */

/* Begin XCBuildConfiguration section */
		7BC353A32729B28500025934 /* Debug */ = {
			isa = XCBuildConfiguration;
			buildSettings = {
				ALWAYS_SEARCH_USER_PATHS = NO;
				CLANG_ANALYZER_NONNULL = YES;
				CLANG_ANALYZER_NUMBER_OBJECT_CONVERSION = YES_AGGRESSIVE;
				CLANG_CXX_LANGUAGE_STANDARD = "gnu++14";
				CLANG_CXX_LIBRARY = "libc++";
				CLANG_ENABLE_MODULES = YES;
				CLANG_ENABLE_OBJC_ARC = YES;
				CLANG_ENABLE_OBJC_WEAK = YES;
				CLANG_WARN_BLOCK_CAPTURE_AUTORELEASING = YES;
				CLANG_WARN_BOOL_CONVERSION = YES;
				CLANG_WARN_COMMA = YES;
				CLANG_WARN_CONSTANT_CONVERSION = YES;
				CLANG_WARN_DEPRECATED_OBJC_IMPLEMENTATIONS = YES;
				CLANG_WARN_DIRECT_OBJC_ISA_USAGE = YES_ERROR;
				CLANG_WARN_DOCUMENTATION_COMMENTS = YES;
				CLANG_WARN_EMPTY_BODY = YES;
				CLANG_WARN_ENUM_CONVERSION = YES;
				CLANG_WARN_INFINITE_RECURSION = YES;
				CLANG_WARN_INT_CONVERSION = YES;
				CLANG_WARN_NON_LITERAL_NULL_CONVERSION = YES;
				CLANG_WARN_OBJC_IMPLICIT_RETAIN_SELF = YES;
				CLANG_WARN_OBJC_LITERAL_CONVERSION = YES;
				CLANG_WARN_OBJC_ROOT_CLASS = YES_ERROR;
				CLANG_WARN_QUOTED_INCLUDE_IN_FRAMEWORK_HEADER = YES;
				CLANG_WARN_RANGE_LOOP_ANALYSIS = YES;
				CLANG_WARN_STRICT_PROTOTYPES = YES;
				CLANG_WARN_SUSPICIOUS_MOVE = YES;
				CLANG_WARN_UNGUARDED_AVAILABILITY = YES_AGGRESSIVE;
				CLANG_WARN_UNREACHABLE_CODE = YES;
				CLANG_WARN__DUPLICATE_METHOD_MATCH = YES;
				COPY_PHASE_STRIP = NO;
				DEBUG_INFORMATION_FORMAT = dwarf;
				ENABLE_STRICT_OBJC_MSGSEND = YES;
				ENABLE_TESTABILITY = YES;
				GCC_C_LANGUAGE_STANDARD = gnu11;
				GCC_DYNAMIC_NO_PIC = NO;
				GCC_NO_COMMON_BLOCKS = YES;
				GCC_OPTIMIZATION_LEVEL = 0;
				GCC_PREPROCESSOR_DEFINITIONS = (
					"DEBUG=1",
					"$(inherited)",
				);
				GCC_WARN_64_TO_32_BIT_CONVERSION = YES;
				GCC_WARN_ABOUT_RETURN_TYPE = YES_ERROR;
				GCC_WARN_UNDECLARED_SELECTOR = YES;
				GCC_WARN_UNINITIALIZED_AUTOS = YES_AGGRESSIVE;
				GCC_WARN_UNUSED_FUNCTION = YES;
				GCC_WARN_UNUSED_VARIABLE = YES;
				IPHONEOS_DEPLOYMENT_TARGET = 14.5;
				MTL_ENABLE_DEBUG_INFO = INCLUDE_SOURCE;
				MTL_FAST_MATH = YES;
				ONLY_ACTIVE_ARCH = YES;
				SDKROOT = iphoneos;
				SWIFT_ACTIVE_COMPILATION_CONDITIONS = DEBUG;
				SWIFT_OPTIMIZATION_LEVEL = "-Onone";
			};
			name = Debug;
		};
		7BC353A42729B28500025934 /* Release */ = {
			isa = XCBuildConfiguration;
			buildSettings = {
				ALWAYS_SEARCH_USER_PATHS = NO;
				CLANG_ANALYZER_NONNULL = YES;
				CLANG_ANALYZER_NUMBER_OBJECT_CONVERSION = YES_AGGRESSIVE;
				CLANG_CXX_LANGUAGE_STANDARD = "gnu++14";
				CLANG_CXX_LIBRARY = "libc++";
				CLANG_ENABLE_MODULES = YES;
				CLANG_ENABLE_OBJC_ARC = YES;
				CLANG_ENABLE_OBJC_WEAK = YES;
				CLANG_WARN_BLOCK_CAPTURE_AUTORELEASING = YES;
				CLANG_WARN_BOOL_CONVERSION = YES;
				CLANG_WARN_COMMA = YES;
				CLANG_WARN_CONSTANT_CONVERSION = YES;
				CLANG_WARN_DEPRECATED_OBJC_IMPLEMENTATIONS = YES;
				CLANG_WARN_DIRECT_OBJC_ISA_USAGE = YES_ERROR;
				CLANG_WARN_DOCUMENTATION_COMMENTS = YES;
				CLANG_WARN_EMPTY_BODY = YES;
				CLANG_WARN_ENUM_CONVERSION = YES;
				CLANG_WARN_INFINITE_RECURSION = YES;
				CLANG_WARN_INT_CONVERSION = YES;
				CLANG_WARN_NON_LITERAL_NULL_CONVERSION = YES;
				CLANG_WARN_OBJC_IMPLICIT_RETAIN_SELF = YES;
				CLANG_WARN_OBJC_LITERAL_CONVERSION = YES;
				CLANG_WARN_OBJC_ROOT_CLASS = YES_ERROR;
				CLANG_WARN_QUOTED_INCLUDE_IN_FRAMEWORK_HEADER = YES;
				CLANG_WARN_RANGE_LOOP_ANALYSIS = YES;
				CLANG_WARN_STRICT_PROTOTYPES = YES;
				CLANG_WARN_SUSPICIOUS_MOVE = YES;
				CLANG_WARN_UNGUARDED_AVAILABILITY = YES_AGGRESSIVE;
				CLANG_WARN_UNREACHABLE_CODE = YES;
				CLANG_WARN__DUPLICATE_METHOD_MATCH = YES;
				COPY_PHASE_STRIP = NO;
				DEBUG_INFORMATION_FORMAT = "dwarf-with-dsym";
				ENABLE_NS_ASSERTIONS = NO;
				ENABLE_STRICT_OBJC_MSGSEND = YES;
				GCC_C_LANGUAGE_STANDARD = gnu11;
				GCC_NO_COMMON_BLOCKS = YES;
				GCC_WARN_64_TO_32_BIT_CONVERSION = YES;
				GCC_WARN_ABOUT_RETURN_TYPE = YES_ERROR;
				GCC_WARN_UNDECLARED_SELECTOR = YES;
				GCC_WARN_UNINITIALIZED_AUTOS = YES_AGGRESSIVE;
				GCC_WARN_UNUSED_FUNCTION = YES;
				GCC_WARN_UNUSED_VARIABLE = YES;
				IPHONEOS_DEPLOYMENT_TARGET = 14.5;
				MTL_ENABLE_DEBUG_INFO = NO;
				MTL_FAST_MATH = YES;
				SDKROOT = iphoneos;
				SWIFT_COMPILATION_MODE = wholemodule;
				SWIFT_OPTIMIZATION_LEVEL = "-O";
				VALIDATE_PRODUCT = YES;
			};
			name = Release;
		};
		7BC353A62729B28500025934 /* Debug */ = {
			isa = XCBuildConfiguration;
			buildSettings = {
				ASSETCATALOG_COMPILER_APPICON_NAME = AppIcon;
				ASSETCATALOG_COMPILER_GLOBAL_ACCENT_COLOR_NAME = AccentColor;
				CODE_SIGN_STYLE = Automatic;
				DEVELOPMENT_TEAM = VY7N45S8K7;
				INFOPLIST_FILE = ToDoCoreData/Info.plist;
				LD_RUNPATH_SEARCH_PATHS = (
					"$(inherited)",
					"@executable_path/Frameworks",
				);
				PRODUCT_BUNDLE_IDENTIFIER = PaulJames.ToDoCoreData;
				PRODUCT_NAME = "$(TARGET_NAME)";
				SWIFT_VERSION = 5.0;
				TARGETED_DEVICE_FAMILY = "1,2";
			};
			name = Debug;
		};
		7BC353A72729B28500025934 /* Release */ = {
			isa = XCBuildConfiguration;
			buildSettings = {
				ASSETCATALOG_COMPILER_APPICON_NAME = AppIcon;
				ASSETCATALOG_COMPILER_GLOBAL_ACCENT_COLOR_NAME = AccentColor;
				CODE_SIGN_STYLE = Automatic;
				DEVELOPMENT_TEAM = VY7N45S8K7;
				INFOPLIST_FILE = ToDoCoreData/Info.plist;
				LD_RUNPATH_SEARCH_PATHS = (
					"$(inherited)",
					"@executable_path/Frameworks",
				);
				PRODUCT_BUNDLE_IDENTIFIER = PaulJames.ToDoCoreData;
				PRODUCT_NAME = "$(TARGET_NAME)";
				SWIFT_VERSION = 5.0;
				TARGETED_DEVICE_FAMILY = "1,2";
			};
			name = Release;
		};
/* End XCBuildConfiguration section */

/* Begin XCConfigurationList section */
		7BC353892729B28300025934 /* Build configuration list for PBXProject "ToDoCoreData" */ = {
			isa = XCConfigurationList;
			buildConfigurations = (
				7BC353A32729B28500025934 /* Debug */,
				7BC353A42729B28500025934 /* Release */,
			);
			defaultConfigurationIsVisible = 0;
			defaultConfigurationName = Release;
		};
		7BC353A52729B28500025934 /* Build configuration list for PBXNativeTarget "ToDoCoreData" */ = {
			isa = XCConfigurationList;
			buildConfigurations = (
				7BC353A62729B28500025934 /* Debug */,
				7BC353A72729B28500025934 /* Release */,
			);
			defaultConfigurationIsVisible = 0;
			defaultConfigurationName = Release;
		};
/* End XCConfigurationList section */

/* Begin XCVersionGroup section */
		7BC3539A2729B28300025934 /* ToDoCoreData.xcdatamodeld */ = {
			isa = XCVersionGroup;
			children = (
				7BC3539B2729B28300025934 /* ToDoCoreData.xcdatamodel */,
			);
			currentVersion = 7BC3539B2729B28300025934 /* ToDoCoreData.xcdatamodel */;
			path = ToDoCoreData.xcdatamodeld;
			sourceTree = "<group>";
			versionGroupType = wrapper.xcdatamodel;
		};
/* End XCVersionGroup section */
	};
	rootObject = 7BC353862729B28300025934 /* Project object */;
}
